
Microsoft Visual Studio Solution File, Format Version 12.00
# Visual Studio 15
VisualStudioVersion = 15.0.27428.2037
MinimumVisualStudioVersion = 10.0.40219.1
Project("{FAE04EC0-301F-11D3-BF4B-00C04F79EFBC}") = "AppData", "AppData\AppData.csproj", "{275E63F3-EDC7-4739-BA0F-61DBCCB8528E}"
EndProject
Global
	GlobalSection(SolutionConfigurationPlatforms) = preSolution
		Debug|Any CPU = Debug|Any CPU
		Release|Any CPU = Release|Any CPU
	EndGlobalSection
	GlobalSection(ProjectConfigurationPlatforms) = postSolution
		{275E63F3-EDC7-4739-BA0F-61DBCCB8528E}.Debug|Any CPU.ActiveCfg = Debug|Any CPU
		{275E63F3-EDC7-4739-BA0F-61DBCCB8528E}.Debug|Any CPU.Build.0 = Debug|Any CPU
		{275E63F3-EDC7-4739-BA0F-61DBCCB8528E}.Release|Any CPU.ActiveCfg = Release|Any CPU
		{275E63F3-EDC7-4739-BA0F-61DBCCB8528E}.Release|Any CPU.Build.0 = Release|Any CPU
	EndGlobalSection
	GlobalSection(SolutionProperties) = preSolution
		HideSolutionNode = FALSE
	EndGlobalSection
	GlobalSection(ExtensibilityGlobals) = postSolution
		SolutionGuid = {1108EA9C-1895-4257-88CC-7CCDAF3FD643}
	EndGlobalSection
EndGlobal
